
Microsoft Visual Studio Solution File, Format Version 12.00
# Visual Studio 15
VisualStudioVersion = 15.0.26730.16
MinimumVisualStudioVersion = 10.0.40219.1
Project("{FAE04EC0-301F-11D3-BF4B-00C04F79EFBC}") = "Jasg 1.2 - Sprite Branch", "Jasg 1.2 - Sprite Branch.csproj", "{19EBA239-A8F1-CF11-0313-5DAAF98634C6}"
EndProject
Project("{FAE04EC0-301F-11D3-BF4B-00C04F79EFBC}") = "Jasg 1.2 - Sprite Branch.Editor", "Jasg 1.2 - Sprite Branch.Editor.csproj", "{AFB2D158-F5D3-7477-939D-567F0D3E92EE}"
EndProject
Global
	GlobalSection(SolutionConfigurationPlatforms) = preSolution
		Debug|Any CPU = Debug|Any CPU
		Release|Any CPU = Release|Any CPU
	EndGlobalSection
	GlobalSection(ProjectConfigurationPlatforms) = postSolution
		{19EBA239-A8F1-CF11-0313-5DAAF98634C6}.Debug|Any CPU.ActiveCfg = Debug|Any CPU
		{19EBA239-A8F1-CF11-0313-5DAAF98634C6}.Debug|Any CPU.Build.0 = Debug|Any CPU
		{19EBA239-A8F1-CF11-0313-5DAAF98634C6}.Release|Any CPU.ActiveCfg = Release|Any CPU
		{19EBA239-A8F1-CF11-0313-5DAAF98634C6}.Release|Any CPU.Build.0 = Release|Any CPU
		{AFB2D158-F5D3-7477-939D-567F0D3E92EE}.Debug|Any CPU.ActiveCfg = Debug|Any CPU
		{AFB2D158-F5D3-7477-939D-567F0D3E92EE}.Debug|Any CPU.Build.0 = Debug|Any CPU
		{AFB2D158-F5D3-7477-939D-567F0D3E92EE}.Release|Any CPU.ActiveCfg = Release|Any CPU
		{AFB2D158-F5D3-7477-939D-567F0D3E92EE}.Release|Any CPU.Build.0 = Release|Any CPU
	EndGlobalSection
	GlobalSection(SolutionProperties) = preSolution
		HideSolutionNode = FALSE
	EndGlobalSection
	GlobalSection(ExtensibilityGlobals) = postSolution
		SolutionGuid = {C0D1B9E0-BB43-4EEB-965E-25FC59DA4168}
	EndGlobalSection
EndGlobal
